// !$*UTF8*$!
{
	archiveVersion = 1;
	classes = {
	};
	objectVersion = 56;
	objects = {

/* Begin PBXBuildFile section */
		89D214712DDA1B8500C36D74 /* YandMiosApp.swift in Sources */ = {isa = PBXBuildFile; fileRef = 89D214702DDA1B8500C36D74 /* YandMiosApp.swift */; };
		89D214732DDA1B8500C36D74 /* ContentView.swift in Sources */ = {isa = PBXBuildFile; fileRef = 89D214722DDA1B8500C36D74 /* ContentView.swift */; };
		89D214752DDA1B8700C36D74 /* Assets.xcassets in Resources */ = {isa = PBXBuildFile; fileRef = 89D214742DDA1B8700C36D74 /* Assets.xcassets */; };
		89D214782DDA1B8700C36D74 /* Preview Assets.xcassets in Resources */ = {isa = PBXBuildFile; fileRef = 89D214772DDA1B8700C36D74 /* Preview Assets.xcassets */; };
		89D214822DDA1B8800C36D74 /* YandMiosTests.swift in Sources */ = {isa = PBXBuildFile; fileRef = 89D214812DDA1B8800C36D74 /* YandMiosTests.swift */; };
		89D2148C2DDA1B8800C36D74 /* YandMiosUITests.swift in Sources */ = {isa = PBXBuildFile; fileRef = 89D2148B2DDA1B8800C36D74 /* YandMiosUITests.swift */; };
		89D2148E2DDA1B8800C36D74 /* YandMiosUITestsLaunchTests.swift in Sources */ = {isa = PBXBuildFile; fileRef = 89D2148D2DDA1B8800C36D74 /* YandMiosUITestsLaunchTests.swift */; };
/* End PBXBuildFile section */

/* Begin PBXContainerItemProxy section */
		89D2147E2DDA1B8800C36D74 /* PBXContainerItemProxy */ = {
			isa = PBXContainerItemProxy;
			containerPortal = 89D214652DDA1B8500C36D74 /* Project object */;
			proxyType = 1;
			remoteGlobalIDString = 89D2146C2DDA1B8500C36D74;
			remoteInfo = YandMios;
		};
		89D214882DDA1B8800C36D74 /* PBXContainerItemProxy */ = {
			isa = PBXContainerItemProxy;
			containerPortal = 89D214652DDA1B8500C36D74 /* Project object */;
			proxyType = 1;
			remoteGlobalIDString = 89D2146C2DDA1B8500C36D74;
			remoteInfo = YandMios;
		};
/* End PBXContainerItemProxy section */

/* Begin PBXFileReference section */
		89D2146D2DDA1B8500C36D74 /* YandMios.app */ = {isa = PBXFileReference; explicitFileType = wrapper.application; includeInIndex = 0; path = YandMios.app; sourceTree = BUILT_PRODUCTS_DIR; };
		89D214702DDA1B8500C36D74 /* YandMiosApp.swift */ = {isa = PBXFileReference; lastKnownFileType = sourcecode.swift; path = YandMiosApp.swift; sourceTree = "<group>"; };
		89D214722DDA1B8500C36D74 /* ContentView.swift */ = {isa = PBXFileReference; lastKnownFileType = sourcecode.swift; path = ContentView.swift; sourceTree = "<group>"; };
		89D214742DDA1B8700C36D74 /* Assets.xcassets */ = {isa = PBXFileReference; lastKnownFileType = folder.assetcatalog; path = Assets.xcassets; sourceTree = "<group>"; };
		89D214772DDA1B8700C36D74 /* Preview Assets.xcassets */ = {isa = PBXFileReference; lastKnownFileType = folder.assetcatalog; path = "Preview Assets.xcassets"; sourceTree = "<group>"; };
		89D2147D2DDA1B8800C36D74 /* YandMiosTests.xctest */ = {isa = PBXFileReference; explicitFileType = wrapper.cfbundle; includeInIndex = 0; path = YandMiosTests.xctest; sourceTree = BUILT_PRODUCTS_DIR; };
		89D214812DDA1B8800C36D74 /* YandMiosTests.swift */ = {isa = PBXFileReference; lastKnownFileType = sourcecode.swift; path = YandMiosTests.swift; sourceTree = "<group>"; };
		89D214872DDA1B8800C36D74 /* YandMiosUITests.xctest */ = {isa = PBXFileReference; explicitFileType = wrapper.cfbundle; includeInIndex = 0; path = YandMiosUITests.xctest; sourceTree = BUILT_PRODUCTS_DIR; };
		89D2148B2DDA1B8800C36D74 /* YandMiosUITests.swift */ = {isa = PBXFileReference; lastKnownFileType = sourcecode.swift; path = YandMiosUITests.swift; sourceTree = "<group>"; };
		89D2148D2DDA1B8800C36D74 /* YandMiosUITestsLaunchTests.swift */ = {isa = PBXFileReference; lastKnownFileType = sourcecode.swift; path = YandMiosUITestsLaunchTests.swift; sourceTree = "<group>"; };
/* End PBXFileReference section */

/* Begin PBXFrameworksBuildPhase section */
		89D2146A2DDA1B8500C36D74 /* Frameworks */ = {
			isa = PBXFrameworksBuildPhase;
			buildActionMask = 2147483647;
			files = (
			);
			runOnlyForDeploymentPostprocessing = 0;
		};
		89D2147A2DDA1B8800C36D74 /* Frameworks */ = {
			isa = PBXFrameworksBuildPhase;
			buildActionMask = 2147483647;
			files = (
			);
			runOnlyForDeploymentPostprocessing = 0;
		};
		89D214842DDA1B8800C36D74 /* Frameworks */ = {
			isa = PBXFrameworksBuildPhase;
			buildActionMask = 2147483647;
			files = (
			);
			runOnlyForDeploymentPostprocessing = 0;
		};
/* End PBXFrameworksBuildPhase section */

/* Begin PBXGroup section */
		89D214642DDA1B8500C36D74 = {
			isa = PBXGroup;
			children = (
				89D2146F2DDA1B8500C36D74 /* YandMios */,
				89D214802DDA1B8800C36D74 /* YandMiosTests */,
				89D2148A2DDA1B8800C36D74 /* YandMiosUITests */,
				89D2146E2DDA1B8500C36D74 /* Products */,
			);
			sourceTree = "<group>";
		};
		89D2146E2DDA1B8500C36D74 /* Products */ = {
			isa = PBXGroup;
			children = (
				89D2146D2DDA1B8500C36D74 /* YandMios.app */,
				89D2147D2DDA1B8800C36D74 /* YandMiosTests.xctest */,
				89D214872DDA1B8800C36D74 /* YandMiosUITests.xctest */,
			);
			name = Products;
			sourceTree = "<group>";
		};
		89D2146F2DDA1B8500C36D74 /* YandMios */ = {
			isa = PBXGroup;
			children = (
				89D214702DDA1B8500C36D74 /* YandMiosApp.swift */,
				89D214722DDA1B8500C36D74 /* ContentView.swift */,
				89D214742DDA1B8700C36D74 /* Assets.xcassets */,
				89D214762DDA1B8700C36D74 /* Preview Content */,
			);
			path = YandMios;
			sourceTree = "<group>";
		};
		89D214762DDA1B8700C36D74 /* Preview Content */ = {
			isa = PBXGroup;
			children = (
				89D214772DDA1B8700C36D74 /* Preview Assets.xcassets */,
			);
			path = "Preview Content";
			sourceTree = "<group>";
		};
		89D214802DDA1B8800C36D74 /* YandMiosTests */ = {
			isa = PBXGroup;
			children = (
				89D214812DDA1B8800C36D74 /* YandMiosTests.swift */,
			);
			path = YandMiosTests;
			sourceTree = "<group>";
		};
		89D2148A2DDA1B8800C36D74 /* YandMiosUITests */ = {
			isa = PBXGroup;
			children = (
				89D2148B2DDA1B8800C36D74 /* YandMiosUITests.swift */,
				89D2148D2DDA1B8800C36D74 /* YandMiosUITestsLaunchTests.swift */,
			);
			path = YandMiosUITests;
			sourceTree = "<group>";
		};
/* End PBXGroup section */

/* Begin PBXNativeTarget section */
		89D2146C2DDA1B8500C36D74 /* YandMios */ = {
			isa = PBXNativeTarget;
			buildConfigurationList = 89D214912DDA1B8800C36D74 /* Build configuration list for PBXNativeTarget "YandMios" */;
			buildPhases = (
				89D214692DDA1B8500C36D74 /* Sources */,
				89D2146A2DDA1B8500C36D74 /* Frameworks */,
				89D2146B2DDA1B8500C36D74 /* Resources */,
			);
			buildRules = (
			);
			dependencies = (
			);
			name = YandMios;
			productName = YandMios;
			productReference = 89D2146D2DDA1B8500C36D74 /* YandMios.app */;
			productType = "com.apple.product-type.application";
		};
		89D2147C2DDA1B8800C36D74 /* YandMiosTests */ = {
			isa = PBXNativeTarget;
			buildConfigurationList = 89D214942DDA1B8800C36D74 /* Build configuration list for PBXNativeTarget "YandMiosTests" */;
			buildPhases = (
				89D214792DDA1B8800C36D74 /* Sources */,
				89D2147A2DDA1B8800C36D74 /* Frameworks */,
				89D2147B2DDA1B8800C36D74 /* Resources */,
			);
			buildRules = (
			);
			dependencies = (
				89D2147F2DDA1B8800C36D74 /* PBXTargetDependency */,
			);
			name = YandMiosTests;
			productName = YandMiosTests;
			productReference = 89D2147D2DDA1B8800C36D74 /* YandMiosTests.xctest */;
			productType = "com.apple.product-type.bundle.unit-test";
		};
		89D214862DDA1B8800C36D74 /* YandMiosUITests */ = {
			isa = PBXNativeTarget;
			buildConfigurationList = 89D214972DDA1B8800C36D74 /* Build configuration list for PBXNativeTarget "YandMiosUITests" */;
			buildPhases = (
				89D214832DDA1B8800C36D74 /* Sources */,
				89D214842DDA1B8800C36D74 /* Frameworks */,
				89D214852DDA1B8800C36D74 /* Resources */,
			);
			buildRules = (
			);
			dependencies = (
				89D214892DDA1B8800C36D74 /* PBXTargetDependency */,
			);
			name = YandMiosUITests;
			productName = YandMiosUITests;
			productReference = 89D214872DDA1B8800C36D74 /* YandMiosUITests.xctest */;
			productType = "com.apple.product-type.bundle.ui-testing";
		};
/* End PBXNativeTarget section */

/* Begin PBXProject section */
		89D214652DDA1B8500C36D74 /* Project object */ = {
			isa = PBXProject;
			attributes = {
				BuildIndependentTargetsInParallel = 1;
				LastSwiftUpdateCheck = 1540;
				LastUpgradeCheck = 1540;
				TargetAttributes = {
					89D2146C2DDA1B8500C36D74 = {
						CreatedOnToolsVersion = 15.4;
					};
					89D2147C2DDA1B8800C36D74 = {
						CreatedOnToolsVersion = 15.4;
						TestTargetID = 89D2146C2DDA1B8500C36D74;
					};
					89D214862DDA1B8800C36D74 = {
						CreatedOnToolsVersion = 15.4;
						TestTargetID = 89D2146C2DDA1B8500C36D74;
					};
				};
			};
			buildConfigurationList = 89D214682DDA1B8500C36D74 /* Build configuration list for PBXProject "YandMios" */;
			compatibilityVersion = "Xcode 14.0";
			developmentRegion = en;
			hasScannedForEncodings = 0;
			knownRegions = (
				en,
				Base,
			);
			mainGroup = 89D214642DDA1B8500C36D74;
			productRefGroup = 89D2146E2DDA1B8500C36D74 /* Products */;
			projectDirPath = "";
			projectRoot = "";
			targets = (
				89D2146C2DDA1B8500C36D74 /* YandMios */,
				89D2147C2DDA1B8800C36D74 /* YandMiosTests */,
				89D214862DDA1B8800C36D74 /* YandMiosUITests */,
			);
		};
/* End PBXProject section */

/* Begin PBXResourcesBuildPhase section */
		89D2146B2DDA1B8500C36D74 /* Resources */ = {
			isa = PBXResourcesBuildPhase;
			buildActionMask = 2147483647;
			files = (
				89D214782DDA1B8700C36D74 /* Preview Assets.xcassets in Resources */,
				89D214752DDA1B8700C36D74 /* Assets.xcassets in Resources */,
			);
			runOnlyForDeploymentPostprocessing = 0;
		};
		89D2147B2DDA1B8800C36D74 /* Resources */ = {
			isa = PBXResourcesBuildPhase;
			buildActionMask = 2147483647;
			files = (
			);
			runOnlyForDeploymentPostprocessing = 0;
		};
		89D214852DDA1B8800C36D74 /* Resources */ = {
			isa = PBXResourcesBuildPhase;
			buildActionMask = 2147483647;
			files = (
			);
			runOnlyForDeploymentPostprocessing = 0;
		};
/* End PBXResourcesBuildPhase section */

/* Begin PBXSourcesBuildPhase section */
		89D214692DDA1B8500C36D74 /* Sources */ = {
			isa = PBXSourcesBuildPhase;
			buildActionMask = 2147483647;
			files = (
				89D214732DDA1B8500C36D74 /* ContentView.swift in Sources */,
				89D214712DDA1B8500C36D74 /* YandMiosApp.swift in Sources */,
			);
			runOnlyForDeploymentPostprocessing = 0;
		};
		89D214792DDA1B8800C36D74 /* Sources */ = {
			isa = PBXSourcesBuildPhase;
			buildActionMask = 2147483647;
			files = (
				89D214822DDA1B8800C36D74 /* YandMiosTests.swift in Sources */,
			);
			runOnlyForDeploymentPostprocessing = 0;
		};
		89D214832DDA1B8800C36D74 /* Sources */ = {
			isa = PBXSourcesBuildPhase;
			buildActionMask = 2147483647;
			files = (
				89D2148E2DDA1B8800C36D74 /* YandMiosUITestsLaunchTests.swift in Sources */,
				89D2148C2DDA1B8800C36D74 /* YandMiosUITests.swift in Sources */,
			);
			runOnlyForDeploymentPostprocessing = 0;
		};
/* End PBXSourcesBuildPhase section */

/* Begin PBXTargetDependency section */
		89D2147F2DDA1B8800C36D74 /* PBXTargetDependency */ = {
			isa = PBXTargetDependency;
			target = 89D2146C2DDA1B8500C36D74 /* YandMios */;
			targetProxy = 89D2147E2DDA1B8800C36D74 /* PBXContainerItemProxy */;
		};
		89D214892DDA1B8800C36D74 /* PBXTargetDependency */ = {
			isa = PBXTargetDependency;
			target = 89D2146C2DDA1B8500C36D74 /* YandMios */;
			targetProxy = 89D214882DDA1B8800C36D74 /* PBXContainerItemProxy */;
		};
/* End PBXTargetDependency section */

/* Begin XCBuildConfiguration section */
		89D2148F2DDA1B8800C36D74 /* Debug */ = {
			isa = XCBuildConfiguration;
			buildSettings = {
				ALWAYS_SEARCH_USER_PATHS = NO;
				ASSETCATALOG_COMPILER_GENERATE_SWIFT_ASSET_SYMBOL_EXTENSIONS = YES;
				CLANG_ANALYZER_NONNULL = YES;
				CLANG_ANALYZER_NUMBER_OBJECT_CONVERSION = YES_AGGRESSIVE;
				CLANG_CXX_LANGUAGE_STANDARD = "gnu++20";
				CLANG_ENABLE_MODULES = YES;
				CLANG_ENABLE_OBJC_ARC = YES;
				CLANG_ENABLE_OBJC_WEAK = YES;
				CLANG_WARN_BLOCK_CAPTURE_AUTORELEASING = YES;
				CLANG_WARN_BOOL_CONVERSION = YES;
				CLANG_WARN_COMMA = YES;
				CLANG_WARN_CONSTANT_CONVERSION = YES;
				CLANG_WARN_DEPRECATED_OBJC_IMPLEMENTATIONS = YES;
				CLANG_WARN_DIRECT_OBJC_ISA_USAGE = YES_ERROR;
				CLANG_WARN_DOCUMENTATION_COMMENTS = YES;
				CLANG_WARN_EMPTY_BODY = YES;
				CLANG_WARN_ENUM_CONVERSION = YES;
				CLANG_WARN_INFINITE_RECURSION = YES;
				CLANG_WARN_INT_CONVERSION = YES;
				CLANG_WARN_NON_LITERAL_NULL_CONVERSION = YES;
				CLANG_WARN_OBJC_IMPLICIT_RETAIN_SELF = YES;
				CLANG_WARN_OBJC_LITERAL_CONVERSION = YES;
				CLANG_WARN_OBJC_ROOT_CLASS = YES_ERROR;
				CLANG_WARN_QUOTED_INCLUDE_IN_FRAMEWORK_HEADER = YES;
				CLANG_WARN_RANGE_LOOP_ANALYSIS = YES;
				CLANG_WARN_STRICT_PROTOTYPES = YES;
				CLANG_WARN_SUSPICIOUS_MOVE = YES;
				CLANG_WARN_UNGUARDED_AVAILABILITY = YES_AGGRESSIVE;
				CLANG_WARN_UNREACHABLE_CODE = YES;
				CLANG_WARN__DUPLICATE_METHOD_MATCH = YES;
				COPY_PHASE_STRIP = NO;
				DEBUG_INFORMATION_FORMAT = dwarf;
				ENABLE_STRICT_OBJC_MSGSEND = YES;
				ENABLE_TESTABILITY = YES;
				ENABLE_USER_SCRIPT_SANDBOXING = YES;
				GCC_C_LANGUAGE_STANDARD = gnu17;
				GCC_DYNAMIC_NO_PIC = NO;
				GCC_NO_COMMON_BLOCKS = YES;
				GCC_OPTIMIZATION_LEVEL = 0;
				GCC_PREPROCESSOR_DEFINITIONS = (
					"DEBUG=1",
					"$(inherited)",
				);
				GCC_WARN_64_TO_32_BIT_CONVERSION = YES;
				GCC_WARN_ABOUT_RETURN_TYPE = YES_ERROR;
				GCC_WARN_UNDECLARED_SELECTOR = YES;
				GCC_WARN_UNINITIALIZED_AUTOS = YES_AGGRESSIVE;
				GCC_WARN_UNUSED_FUNCTION = YES;
				GCC_WARN_UNUSED_VARIABLE = YES;
				IPHONEOS_DEPLOYMENT_TARGET = 17.5;
				LOCALIZATION_PREFERS_STRING_CATALOGS = YES;
				MTL_ENABLE_DEBUG_INFO = INCLUDE_SOURCE;
				MTL_FAST_MATH = YES;
				ONLY_ACTIVE_ARCH = YES;
				SDKROOT = iphoneos;
				SWIFT_ACTIVE_COMPILATION_CONDITIONS = "DEBUG $(inherited)";
				SWIFT_OPTIMIZATION_LEVEL = "-Onone";
			};
			name = Debug;
		};
		89D214902DDA1B8800C36D74 /* Release */ = {
			isa = XCBuildConfiguration;
			buildSettings = {
				ALWAYS_SEARCH_USER_PATHS = NO;
				ASSETCATALOG_COMPILER_GENERATE_SWIFT_ASSET_SYMBOL_EXTENSIONS = YES;
				CLANG_ANALYZER_NONNULL = YES;
				CLANG_ANALYZER_NUMBER_OBJECT_CONVERSION = YES_AGGRESSIVE;
				CLANG_CXX_LANGUAGE_STANDARD = "gnu++20";
				CLANG_ENABLE_MODULES = YES;
				CLANG_ENABLE_OBJC_ARC = YES;
				CLANG_ENABLE_OBJC_WEAK = YES;
				CLANG_WARN_BLOCK_CAPTURE_AUTORELEASING = YES;
				CLANG_WARN_BOOL_CONVERSION = YES;
				CLANG_WARN_COMMA = YES;
				CLANG_WARN_CONSTANT_CONVERSION = YES;
				CLANG_WARN_DEPRECATED_OBJC_IMPLEMENTATIONS = YES;
				CLANG_WARN_DIRECT_OBJC_ISA_USAGE = YES_ERROR;
				CLANG_WARN_DOCUMENTATION_COMMENTS = YES;
				CLANG_WARN_EMPTY_BODY = YES;
				CLANG_WARN_ENUM_CONVERSION = YES;
				CLANG_WARN_INFINITE_RECURSION = YES;
				CLANG_WARN_INT_CONVERSION = YES;
				CLANG_WARN_NON_LITERAL_NULL_CONVERSION = YES;
				CLANG_WARN_OBJC_IMPLICIT_RETAIN_SELF = YES;
				CLANG_WARN_OBJC_LITERAL_CONVERSION = YES;
				CLANG_WARN_OBJC_ROOT_CLASS = YES_ERROR;
				CLANG_WARN_QUOTED_INCLUDE_IN_FRAMEWORK_HEADER = YES;
				CLANG_WARN_RANGE_LOOP_ANALYSIS = YES;
				CLANG_WARN_STRICT_PROTOTYPES = YES;
				CLANG_WARN_SUSPICIOUS_MOVE = YES;
				CLANG_WARN_UNGUARDED_AVAILABILITY = YES_AGGRESSIVE;
				CLANG_WARN_UNREACHABLE_CODE = YES;
				CLANG_WARN__DUPLICATE_METHOD_MATCH = YES;
				COPY_PHASE_STRIP = NO;
				DEBUG_INFORMATION_FORMAT = "dwarf-with-dsym";
				ENABLE_NS_ASSERTIONS = NO;
				ENABLE_STRICT_OBJC_MSGSEND = YES;
				ENABLE_USER_SCRIPT_SANDBOXING = YES;
				GCC_C_LANGUAGE_STANDARD = gnu17;
				GCC_NO_COMMON_BLOCKS = YES;
				GCC_WARN_64_TO_32_BIT_CONVERSION = YES;
				GCC_WARN_ABOUT_RETURN_TYPE = YES_ERROR;
				GCC_WARN_UNDECLARED_SELECTOR = YES;
				GCC_WARN_UNINITIALIZED_AUTOS = YES_AGGRESSIVE;
				GCC_WARN_UNUSED_FUNCTION = YES;
				GCC_WARN_UNUSED_VARIABLE = YES;
				IPHONEOS_DEPLOYMENT_TARGET = 17.5;
				LOCALIZATION_PREFERS_STRING_CATALOGS = YES;
				MTL_ENABLE_DEBUG_INFO = NO;
				MTL_FAST_MATH = YES;
				SDKROOT = iphoneos;
				SWIFT_COMPILATION_MODE = wholemodule;
				VALIDATE_PRODUCT = YES;
			};
			name = Release;
		};
		89D214922DDA1B8800C36D74 /* Debug */ = {
			isa = XCBuildConfiguration;
			buildSettings = {
				ASSETCATALOG_COMPILER_APPICON_NAME = AppIcon;
				ASSETCATALOG_COMPILER_GLOBAL_ACCENT_COLOR_NAME = AccentColor;
				CODE_SIGN_STYLE = Automatic;
				CURRENT_PROJECT_VERSION = 1;
				DEVELOPMENT_ASSET_PATHS = "\"YandMios/Preview Content\"";
				ENABLE_PREVIEWS = YES;
				GENERATE_INFOPLIST_FILE = YES;
				INFOPLIST_KEY_UIApplicationSceneManifest_Generation = YES;
				INFOPLIST_KEY_UIApplicationSupportsIndirectInputEvents = YES;
				INFOPLIST_KEY_UILaunchScreen_Generation = YES;
				INFOPLIST_KEY_UISupportedInterfaceOrientations_iPad = "UIInterfaceOrientationPortrait UIInterfaceOrientationPortraitUpsideDown UIInterfaceOrientationLandscapeLeft UIInterfaceOrientationLandscapeRight";
				INFOPLIST_KEY_UISupportedInterfaceOrientations_iPhone = "UIInterfaceOrientationPortrait UIInterfaceOrientationLandscapeLeft UIInterfaceOrientationLandscapeRight";
				LD_RUNPATH_SEARCH_PATHS = (
					"$(inherited)",
					"@executable_path/Frameworks",
				);
				MARKETING_VERSION = 1.0;
				PRODUCT_BUNDLE_IDENTIFIER = Kamila.Ponomarova.YandMios;
				PRODUCT_NAME = "$(TARGET_NAME)";
				SWIFT_EMIT_LOC_STRINGS = YES;
				SWIFT_VERSION = 5.0;
				TARGETED_DEVICE_FAMILY = "1,2";
			};
			name = Debug;
		};
		89D214932DDA1B8800C36D74 /* Release */ = {
			isa = XCBuildConfiguration;
			buildSettings = {
				ASSETCATALOG_COMPILER_APPICON_NAME = AppIcon;
				ASSETCATALOG_COMPILER_GLOBAL_ACCENT_COLOR_NAME = AccentColor;
				CODE_SIGN_STYLE = Automatic;
				CURRENT_PROJECT_VERSION = 1;
				DEVELOPMENT_ASSET_PATHS = "\"YandMios/Preview Content\"";
				ENABLE_PREVIEWS = YES;
				GENERATE_INFOPLIST_FILE = YES;
				INFOPLIST_KEY_UIApplicationSceneManifest_Generation = YES;
				INFOPLIST_KEY_UIApplicationSupportsIndirectInputEvents = YES;
				INFOPLIST_KEY_UILaunchScreen_Generation = YES;
				INFOPLIST_KEY_UISupportedInterfaceOrientations_iPad = "UIInterfaceOrientationPortrait UIInterfaceOrientationPortraitUpsideDown UIInterfaceOrientationLandscapeLeft UIInterfaceOrientationLandscapeRight";
				INFOPLIST_KEY_UISupportedInterfaceOrientations_iPhone = "UIInterfaceOrientationPortrait UIInterfaceOrientationLandscapeLeft UIInterfaceOrientationLandscapeRight";
				LD_RUNPATH_SEARCH_PATHS = (
					"$(inherited)",
					"@executable_path/Frameworks",
				);
				MARKETING_VERSION = 1.0;
				PRODUCT_BUNDLE_IDENTIFIER = Kamila.Ponomarova.YandMios;
				PRODUCT_NAME = "$(TARGET_NAME)";
				SWIFT_EMIT_LOC_STRINGS = YES;
				SWIFT_VERSION = 5.0;
				TARGETED_DEVICE_FAMILY = "1,2";
			};
			name = Release;
		};
		89D214952DDA1B8800C36D74 /* Debug */ = {
			isa = XCBuildConfiguration;
			buildSettings = {
				ALWAYS_EMBED_SWIFT_STANDARD_LIBRARIES = YES;
				BUNDLE_LOADER = "$(TEST_HOST)";
				CODE_SIGN_STYLE = Automatic;
				CURRENT_PROJECT_VERSION = 1;
				GENERATE_INFOPLIST_FILE = YES;
				IPHONEOS_DEPLOYMENT_TARGET = 17.5;
				MARKETING_VERSION = 1.0;
				PRODUCT_BUNDLE_IDENTIFIER = Kamila.Ponomarova.YandMiosTests;
				PRODUCT_NAME = "$(TARGET_NAME)";
				SWIFT_EMIT_LOC_STRINGS = NO;
				SWIFT_VERSION = 5.0;
				TARGETED_DEVICE_FAMILY = "1,2";
				TEST_HOST = "$(BUILT_PRODUCTS_DIR)/YandMios.app/$(BUNDLE_EXECUTABLE_FOLDER_PATH)/YandMios";
			};
			name = Debug;
		};
		89D214962DDA1B8800C36D74 /* Release */ = {
			isa = XCBuildConfiguration;
			buildSettings = {
				ALWAYS_EMBED_SWIFT_STANDARD_LIBRARIES = YES;
				BUNDLE_LOADER = "$(TEST_HOST)";
				CODE_SIGN_STYLE = Automatic;
				CURRENT_PROJECT_VERSION = 1;
				GENERATE_INFOPLIST_FILE = YES;
				IPHONEOS_DEPLOYMENT_TARGET = 17.5;
				MARKETING_VERSION = 1.0;
				PRODUCT_BUNDLE_IDENTIFIER = Kamila.Ponomarova.YandMiosTests;
				PRODUCT_NAME = "$(TARGET_NAME)";
				SWIFT_EMIT_LOC_STRINGS = NO;
				SWIFT_VERSION = 5.0;
				TARGETED_DEVICE_FAMILY = "1,2";
				TEST_HOST = "$(BUILT_PRODUCTS_DIR)/YandMios.app/$(BUNDLE_EXECUTABLE_FOLDER_PATH)/YandMios";
			};
			name = Release;
		};
		89D214982DDA1B8800C36D74 /* Debug */ = {
			isa = XCBuildConfiguration;
			buildSettings = {
				ALWAYS_EMBED_SWIFT_STANDARD_LIBRARIES = YES;
				CODE_SIGN_STYLE = Automatic;
				CURRENT_PROJECT_VERSION = 1;
				GENERATE_INFOPLIST_FILE = YES;
				MARKETING_VERSION = 1.0;
				PRODUCT_BUNDLE_IDENTIFIER = Kamila.Ponomarova.YandMiosUITests;
				PRODUCT_NAME = "$(TARGET_NAME)";
				SWIFT_EMIT_LOC_STRINGS = NO;
				SWIFT_VERSION = 5.0;
				TARGETED_DEVICE_FAMILY = "1,2";
				TEST_TARGET_NAME = YandMios;
			};
			name = Debug;
		};
		89D214992DDA1B8800C36D74 /* Release */ = {
			isa = XCBuildConfiguration;
			buildSettings = {
				ALWAYS_EMBED_SWIFT_STANDARD_LIBRARIES = YES;
				CODE_SIGN_STYLE = Automatic;
				CURRENT_PROJECT_VERSION = 1;
				GENERATE_INFOPLIST_FILE = YES;
				MARKETING_VERSION = 1.0;
				PRODUCT_BUNDLE_IDENTIFIER = Kamila.Ponomarova.YandMiosUITests;
				PRODUCT_NAME = "$(TARGET_NAME)";
				SWIFT_EMIT_LOC_STRINGS = NO;
				SWIFT_VERSION = 5.0;
				TARGETED_DEVICE_FAMILY = "1,2";
				TEST_TARGET_NAME = YandMios;
			};
			name = Release;
		};
/* End XCBuildConfiguration section */

/* Begin XCConfigurationList section */
		89D214682DDA1B8500C36D74 /* Build configuration list for PBXProject "YandMios" */ = {
			isa = XCConfigurationList;
			buildConfigurations = (
				89D2148F2DDA1B8800C36D74 /* Debug */,
				89D214902DDA1B8800C36D74 /* Release */,
			);
			defaultConfigurationIsVisible = 0;
			defaultConfigurationName = Release;
		};
		89D214912DDA1B8800C36D74 /* Build configuration list for PBXNativeTarget "YandMios" */ = {
			isa = XCConfigurationList;
			buildConfigurations = (
				89D214922DDA1B8800C36D74 /* Debug */,
				89D214932DDA1B8800C36D74 /* Release */,
			);
			defaultConfigurationIsVisible = 0;
			defaultConfigurationName = Release;
		};
		89D214942DDA1B8800C36D74 /* Build configuration list for PBXNativeTarget "YandMiosTests" */ = {
			isa = XCConfigurationList;
			buildConfigurations = (
				89D214952DDA1B8800C36D74 /* Debug */,
				89D214962DDA1B8800C36D74 /* Release */,
			);
			defaultConfigurationIsVisible = 0;
			defaultConfigurationName = Release;
		};
		89D214972DDA1B8800C36D74 /* Build configuration list for PBXNativeTarget "YandMiosUITests" */ = {
			isa = XCConfigurationList;
			buildConfigurations = (
				89D214982DDA1B8800C36D74 /* Debug */,
				89D214992DDA1B8800C36D74 /* Release */,
			);
			defaultConfigurationIsVisible = 0;
			defaultConfigurationName = Release;
		};
/* End XCConfigurationList section */
	};
	rootObject = 89D214652DDA1B8500C36D74 /* Project object */;
}
